// !$*UTF8*$!
{
	archiveVersion = 1;
	classes = {
	};
	objectVersion = 56;
	objects = {

/* Begin PBXBuildFile section */
		1431DC23723CF7B313EF968F /* Pods_Movie_MVVM_RxSwift_Movie_MVVM_RxSwiftUITests.framework in Frameworks */ = {isa = PBXBuildFile; fileRef = C6B25FAE5FAD565328494B29 /* Pods_Movie_MVVM_RxSwift_Movie_MVVM_RxSwiftUITests.framework */; };
		6B4514A82A9B8CCC0093A8F3 /* AppDelegate.swift in Sources */ = {isa = PBXBuildFile; fileRef = 6B4514A72A9B8CCC0093A8F3 /* AppDelegate.swift */; };
		6B4514AA2A9B8CCC0093A8F3 /* SceneDelegate.swift in Sources */ = {isa = PBXBuildFile; fileRef = 6B4514A92A9B8CCC0093A8F3 /* SceneDelegate.swift */; };
		6B4514AC2A9B8CCC0093A8F3 /* ViewController.swift in Sources */ = {isa = PBXBuildFile; fileRef = 6B4514AB2A9B8CCC0093A8F3 /* ViewController.swift */; };
		6B4514AF2A9B8CCC0093A8F3 /* Main.storyboard in Resources */ = {isa = PBXBuildFile; fileRef = 6B4514AD2A9B8CCC0093A8F3 /* Main.storyboard */; };
		6B4514B22A9B8CCC0093A8F3 /* Movie_MVVM_RxSwift.xcdatamodeld in Sources */ = {isa = PBXBuildFile; fileRef = 6B4514B02A9B8CCC0093A8F3 /* Movie_MVVM_RxSwift.xcdatamodeld */; };
		6B4514B42A9B8CCD0093A8F3 /* Assets.xcassets in Resources */ = {isa = PBXBuildFile; fileRef = 6B4514B32A9B8CCD0093A8F3 /* Assets.xcassets */; };
		6B4514B72A9B8CCD0093A8F3 /* LaunchScreen.storyboard in Resources */ = {isa = PBXBuildFile; fileRef = 6B4514B52A9B8CCD0093A8F3 /* LaunchScreen.storyboard */; };
		6B4514C22A9B8CCD0093A8F3 /* Movie_MVVM_RxSwiftTests.swift in Sources */ = {isa = PBXBuildFile; fileRef = 6B4514C12A9B8CCD0093A8F3 /* Movie_MVVM_RxSwiftTests.swift */; };
		6B4514CC2A9B8CCD0093A8F3 /* Movie_MVVM_RxSwiftUITests.swift in Sources */ = {isa = PBXBuildFile; fileRef = 6B4514CB2A9B8CCD0093A8F3 /* Movie_MVVM_RxSwiftUITests.swift */; };
		6B4514CE2A9B8CCD0093A8F3 /* Movie_MVVM_RxSwiftUITestsLaunchTests.swift in Sources */ = {isa = PBXBuildFile; fileRef = 6B4514CD2A9B8CCD0093A8F3 /* Movie_MVVM_RxSwiftUITestsLaunchTests.swift */; };
		A02E9EDFC6867064040683E4 /* Pods_Movie_MVVM_RxSwiftTests.framework in Frameworks */ = {isa = PBXBuildFile; fileRef = A521943CDE725CC3C66710E0 /* Pods_Movie_MVVM_RxSwiftTests.framework */; };
		AEF3C102561F5052E60543A7 /* Pods_Movie_MVVM_RxSwift.framework in Frameworks */ = {isa = PBXBuildFile; fileRef = 88F235013E8A698F3AEF9F25 /* Pods_Movie_MVVM_RxSwift.framework */; };
/* End PBXBuildFile section */

/* Begin PBXContainerItemProxy section */
		6B4514BE2A9B8CCD0093A8F3 /* PBXContainerItemProxy */ = {
			isa = PBXContainerItemProxy;
			containerPortal = 6B45149C2A9B8CCC0093A8F3 /* Project object */;
			proxyType = 1;
			remoteGlobalIDString = 6B4514A32A9B8CCC0093A8F3;
			remoteInfo = "Movie-MVVM-RxSwift";
		};
		6B4514C82A9B8CCD0093A8F3 /* PBXContainerItemProxy */ = {
			isa = PBXContainerItemProxy;
			containerPortal = 6B45149C2A9B8CCC0093A8F3 /* Project object */;
			proxyType = 1;
			remoteGlobalIDString = 6B4514A32A9B8CCC0093A8F3;
			remoteInfo = "Movie-MVVM-RxSwift";
		};
/* End PBXContainerItemProxy section */

/* Begin PBXFileReference section */
		6493D1669E87B159D9952D63 /* Pods-Movie-MVVM-RxSwift-Movie-MVVM-RxSwiftUITests.debug.xcconfig */ = {isa = PBXFileReference; includeInIndex = 1; lastKnownFileType = text.xcconfig; name = "Pods-Movie-MVVM-RxSwift-Movie-MVVM-RxSwiftUITests.debug.xcconfig"; path = "Target Support Files/Pods-Movie-MVVM-RxSwift-Movie-MVVM-RxSwiftUITests/Pods-Movie-MVVM-RxSwift-Movie-MVVM-RxSwiftUITests.debug.xcconfig"; sourceTree = "<group>"; };
		6B4514A42A9B8CCC0093A8F3 /* Movie-MVVM-RxSwift.app */ = {isa = PBXFileReference; explicitFileType = wrapper.application; includeInIndex = 0; path = "Movie-MVVM-RxSwift.app"; sourceTree = BUILT_PRODUCTS_DIR; };
		6B4514A72A9B8CCC0093A8F3 /* AppDelegate.swift */ = {isa = PBXFileReference; lastKnownFileType = sourcecode.swift; path = AppDelegate.swift; sourceTree = "<group>"; };
		6B4514A92A9B8CCC0093A8F3 /* SceneDelegate.swift */ = {isa = PBXFileReference; lastKnownFileType = sourcecode.swift; path = SceneDelegate.swift; sourceTree = "<group>"; };
		6B4514AB2A9B8CCC0093A8F3 /* ViewController.swift */ = {isa = PBXFileReference; lastKnownFileType = sourcecode.swift; path = ViewController.swift; sourceTree = "<group>"; };
		6B4514AE2A9B8CCC0093A8F3 /* Base */ = {isa = PBXFileReference; lastKnownFileType = file.storyboard; name = Base; path = Base.lproj/Main.storyboard; sourceTree = "<group>"; };
		6B4514B12A9B8CCC0093A8F3 /* Movie_MVVM_RxSwift.xcdatamodel */ = {isa = PBXFileReference; lastKnownFileType = wrapper.xcdatamodel; path = Movie_MVVM_RxSwift.xcdatamodel; sourceTree = "<group>"; };
		6B4514B32A9B8CCD0093A8F3 /* Assets.xcassets */ = {isa = PBXFileReference; lastKnownFileType = folder.assetcatalog; path = Assets.xcassets; sourceTree = "<group>"; };
		6B4514B62A9B8CCD0093A8F3 /* Base */ = {isa = PBXFileReference; lastKnownFileType = file.storyboard; name = Base; path = Base.lproj/LaunchScreen.storyboard; sourceTree = "<group>"; };
		6B4514B82A9B8CCD0093A8F3 /* Info.plist */ = {isa = PBXFileReference; lastKnownFileType = text.plist.xml; path = Info.plist; sourceTree = "<group>"; };
		6B4514BD2A9B8CCD0093A8F3 /* Movie-MVVM-RxSwiftTests.xctest */ = {isa = PBXFileReference; explicitFileType = wrapper.cfbundle; includeInIndex = 0; path = "Movie-MVVM-RxSwiftTests.xctest"; sourceTree = BUILT_PRODUCTS_DIR; };
		6B4514C12A9B8CCD0093A8F3 /* Movie_MVVM_RxSwiftTests.swift */ = {isa = PBXFileReference; lastKnownFileType = sourcecode.swift; path = Movie_MVVM_RxSwiftTests.swift; sourceTree = "<group>"; };
		6B4514C72A9B8CCD0093A8F3 /* Movie-MVVM-RxSwiftUITests.xctest */ = {isa = PBXFileReference; explicitFileType = wrapper.cfbundle; includeInIndex = 0; path = "Movie-MVVM-RxSwiftUITests.xctest"; sourceTree = BUILT_PRODUCTS_DIR; };
		6B4514CB2A9B8CCD0093A8F3 /* Movie_MVVM_RxSwiftUITests.swift */ = {isa = PBXFileReference; lastKnownFileType = sourcecode.swift; path = Movie_MVVM_RxSwiftUITests.swift; sourceTree = "<group>"; };
		6B4514CD2A9B8CCD0093A8F3 /* Movie_MVVM_RxSwiftUITestsLaunchTests.swift */ = {isa = PBXFileReference; lastKnownFileType = sourcecode.swift; path = Movie_MVVM_RxSwiftUITestsLaunchTests.swift; sourceTree = "<group>"; };
		6D1479D5995F691438B184EC /* Pods-Movie-MVVM-RxSwiftTests.release.xcconfig */ = {isa = PBXFileReference; includeInIndex = 1; lastKnownFileType = text.xcconfig; name = "Pods-Movie-MVVM-RxSwiftTests.release.xcconfig"; path = "Target Support Files/Pods-Movie-MVVM-RxSwiftTests/Pods-Movie-MVVM-RxSwiftTests.release.xcconfig"; sourceTree = "<group>"; };
		7061F90894EE2A6F68B2E7A1 /* Pods-Movie-MVVM-RxSwift.debug.xcconfig */ = {isa = PBXFileReference; includeInIndex = 1; lastKnownFileType = text.xcconfig; name = "Pods-Movie-MVVM-RxSwift.debug.xcconfig"; path = "Target Support Files/Pods-Movie-MVVM-RxSwift/Pods-Movie-MVVM-RxSwift.debug.xcconfig"; sourceTree = "<group>"; };
		88F235013E8A698F3AEF9F25 /* Pods_Movie_MVVM_RxSwift.framework */ = {isa = PBXFileReference; explicitFileType = wrapper.framework; includeInIndex = 0; path = Pods_Movie_MVVM_RxSwift.framework; sourceTree = BUILT_PRODUCTS_DIR; };
		A521943CDE725CC3C66710E0 /* Pods_Movie_MVVM_RxSwiftTests.framework */ = {isa = PBXFileReference; explicitFileType = wrapper.framework; includeInIndex = 0; path = Pods_Movie_MVVM_RxSwiftTests.framework; sourceTree = BUILT_PRODUCTS_DIR; };
		AB7DE432706ED30A32059BFB /* Pods-Movie-MVVM-RxSwiftTests.debug.xcconfig */ = {isa = PBXFileReference; includeInIndex = 1; lastKnownFileType = text.xcconfig; name = "Pods-Movie-MVVM-RxSwiftTests.debug.xcconfig"; path = "Target Support Files/Pods-Movie-MVVM-RxSwiftTests/Pods-Movie-MVVM-RxSwiftTests.debug.xcconfig"; sourceTree = "<group>"; };
		ACA3A4E22224D2A04D7A959A /* Pods-Movie-MVVM-RxSwift.release.xcconfig */ = {isa = PBXFileReference; includeInIndex = 1; lastKnownFileType = text.xcconfig; name = "Pods-Movie-MVVM-RxSwift.release.xcconfig"; path = "Target Support Files/Pods-Movie-MVVM-RxSwift/Pods-Movie-MVVM-RxSwift.release.xcconfig"; sourceTree = "<group>"; };
		BD1C93371E267B0E7B650731 /* Pods-Movie-MVVM-RxSwift-Movie-MVVM-RxSwiftUITests.release.xcconfig */ = {isa = PBXFileReference; includeInIndex = 1; lastKnownFileType = text.xcconfig; name = "Pods-Movie-MVVM-RxSwift-Movie-MVVM-RxSwiftUITests.release.xcconfig"; path = "Target Support Files/Pods-Movie-MVVM-RxSwift-Movie-MVVM-RxSwiftUITests/Pods-Movie-MVVM-RxSwift-Movie-MVVM-RxSwiftUITests.release.xcconfig"; sourceTree = "<group>"; };
		C6B25FAE5FAD565328494B29 /* Pods_Movie_MVVM_RxSwift_Movie_MVVM_RxSwiftUITests.framework */ = {isa = PBXFileReference; explicitFileType = wrapper.framework; includeInIndex = 0; path = Pods_Movie_MVVM_RxSwift_Movie_MVVM_RxSwiftUITests.framework; sourceTree = BUILT_PRODUCTS_DIR; };
/* End PBXFileReference section */

/* Begin PBXFrameworksBuildPhase section */
		6B4514A12A9B8CCC0093A8F3 /* Frameworks */ = {
			isa = PBXFrameworksBuildPhase;
			buildActionMask = 2147483647;
			files = (
				AEF3C102561F5052E60543A7 /* Pods_Movie_MVVM_RxSwift.framework in Frameworks */,
			);
			runOnlyForDeploymentPostprocessing = 0;
		};
		6B4514BA2A9B8CCD0093A8F3 /* Frameworks */ = {
			isa = PBXFrameworksBuildPhase;
			buildActionMask = 2147483647;
			files = (
				A02E9EDFC6867064040683E4 /* Pods_Movie_MVVM_RxSwiftTests.framework in Frameworks */,
			);
			runOnlyForDeploymentPostprocessing = 0;
		};
		6B4514C42A9B8CCD0093A8F3 /* Frameworks */ = {
			isa = PBXFrameworksBuildPhase;
			buildActionMask = 2147483647;
			files = (
				1431DC23723CF7B313EF968F /* Pods_Movie_MVVM_RxSwift_Movie_MVVM_RxSwiftUITests.framework in Frameworks */,
			);
			runOnlyForDeploymentPostprocessing = 0;
		};
/* End PBXFrameworksBuildPhase section */

/* Begin PBXGroup section */
		33C41D41D2CF94A62596F346 /* Frameworks */ = {
			isa = PBXGroup;
			children = (
				88F235013E8A698F3AEF9F25 /* Pods_Movie_MVVM_RxSwift.framework */,
				C6B25FAE5FAD565328494B29 /* Pods_Movie_MVVM_RxSwift_Movie_MVVM_RxSwiftUITests.framework */,
				A521943CDE725CC3C66710E0 /* Pods_Movie_MVVM_RxSwiftTests.framework */,
			);
			name = Frameworks;
			sourceTree = "<group>";
		};
		6B45149B2A9B8CCC0093A8F3 = {
			isa = PBXGroup;
			children = (
				6B4514A62A9B8CCC0093A8F3 /* Movie-MVVM-RxSwift */,
				6B4514C02A9B8CCD0093A8F3 /* Movie-MVVM-RxSwiftTests */,
				6B4514CA2A9B8CCD0093A8F3 /* Movie-MVVM-RxSwiftUITests */,
				6B4514A52A9B8CCC0093A8F3 /* Products */,
				912B5EBF765F8E0D7CA8F93D /* Pods */,
				33C41D41D2CF94A62596F346 /* Frameworks */,
			);
			sourceTree = "<group>";
		};
		6B4514A52A9B8CCC0093A8F3 /* Products */ = {
			isa = PBXGroup;
			children = (
				6B4514A42A9B8CCC0093A8F3 /* Movie-MVVM-RxSwift.app */,
				6B4514BD2A9B8CCD0093A8F3 /* Movie-MVVM-RxSwiftTests.xctest */,
				6B4514C72A9B8CCD0093A8F3 /* Movie-MVVM-RxSwiftUITests.xctest */,
			);
			name = Products;
			sourceTree = "<group>";
		};
		6B4514A62A9B8CCC0093A8F3 /* Movie-MVVM-RxSwift */ = {
			isa = PBXGroup;
			children = (
				6B4514DA2A9B8E810093A8F3 /* Application */,
				6B4514DB2A9B8E8B0093A8F3 /* Network */,
				6B4514DC2A9B8E930093A8F3 /* Scenes */,
				6B4514DF2A9B8EF50093A8F3 /* Base */,
				6B4514E12A9B96970093A8F3 /* Extensions */,
				6B4514E02A9B8EFB0093A8F3 /* Helpers */,
				6B4514E32A9B96AE0093A8F3 /* Utilities */,
				6B4514E22A9B96A50093A8F3 /* Resources */,
				6B4514B02A9B8CCC0093A8F3 /* Movie_MVVM_RxSwift.xcdatamodeld */,
			);
			path = "Movie-MVVM-RxSwift";
			sourceTree = "<group>";
		};
		6B4514C02A9B8CCD0093A8F3 /* Movie-MVVM-RxSwiftTests */ = {
			isa = PBXGroup;
			children = (
				6B4514C12A9B8CCD0093A8F3 /* Movie_MVVM_RxSwiftTests.swift */,
			);
			path = "Movie-MVVM-RxSwiftTests";
			sourceTree = "<group>";
		};
		6B4514CA2A9B8CCD0093A8F3 /* Movie-MVVM-RxSwiftUITests */ = {
			isa = PBXGroup;
			children = (
				6B4514CB2A9B8CCD0093A8F3 /* Movie_MVVM_RxSwiftUITests.swift */,
				6B4514CD2A9B8CCD0093A8F3 /* Movie_MVVM_RxSwiftUITestsLaunchTests.swift */,
			);
			path = "Movie-MVVM-RxSwiftUITests";
			sourceTree = "<group>";
		};
		6B4514DA2A9B8E810093A8F3 /* Application */ = {
			isa = PBXGroup;
			children = (
				6B4514A72A9B8CCC0093A8F3 /* AppDelegate.swift */,
				6B4514A92A9B8CCC0093A8F3 /* SceneDelegate.swift */,
			);
			path = Application;
			sourceTree = "<group>";
		};
		6B4514DB2A9B8E8B0093A8F3 /* Network */ = {
			isa = PBXGroup;
			children = (
				6B4514DD2A9B8EC90093A8F3 /* Core */,
				6B4514DE2A9B8EE50093A8F3 /* Request */,
			);
			path = Network;
			sourceTree = "<group>";
		};
		6B4514DC2A9B8E930093A8F3 /* Scenes */ = {
			isa = PBXGroup;
			children = (
				6B4514AB2A9B8CCC0093A8F3 /* ViewController.swift */,
				6B4514AD2A9B8CCC0093A8F3 /* Main.storyboard */,
				6B4514B52A9B8CCD0093A8F3 /* LaunchScreen.storyboard */,
			);
			path = Scenes;
			sourceTree = "<group>";
		};
		6B4514DD2A9B8EC90093A8F3 /* Core */ = {
			isa = PBXGroup;
			children = (
			);
			path = Core;
			sourceTree = "<group>";
		};
		6B4514DE2A9B8EE50093A8F3 /* Request */ = {
			isa = PBXGroup;
			children = (
			);
			path = Request;
			sourceTree = "<group>";
		};
		6B4514DF2A9B8EF50093A8F3 /* Base */ = {
			isa = PBXGroup;
			children = (
			);
			path = Base;
			sourceTree = "<group>";
		};
		6B4514E02A9B8EFB0093A8F3 /* Helpers */ = {
			isa = PBXGroup;
			children = (
			);
			path = Helpers;
			sourceTree = "<group>";
		};
		6B4514E12A9B96970093A8F3 /* Extensions */ = {
			isa = PBXGroup;
			children = (
			);
			path = Extensions;
			sourceTree = "<group>";
		};
		6B4514E22A9B96A50093A8F3 /* Resources */ = {
			isa = PBXGroup;
			children = (
				6B4514B82A9B8CCD0093A8F3 /* Info.plist */,
				6B4514E42A9B96D40093A8F3 /* Assets */,
			);
			path = Resources;
			sourceTree = "<group>";
		};
		6B4514E32A9B96AE0093A8F3 /* Utilities */ = {
			isa = PBXGroup;
			children = (
			);
			path = Utilities;
			sourceTree = "<group>";
		};
		6B4514E42A9B96D40093A8F3 /* Assets */ = {
			isa = PBXGroup;
			children = (
				6B4514B32A9B8CCD0093A8F3 /* Assets.xcassets */,
			);
			path = Assets;
			sourceTree = "<group>";
		};
		912B5EBF765F8E0D7CA8F93D /* Pods */ = {
			isa = PBXGroup;
			children = (
				7061F90894EE2A6F68B2E7A1 /* Pods-Movie-MVVM-RxSwift.debug.xcconfig */,
				ACA3A4E22224D2A04D7A959A /* Pods-Movie-MVVM-RxSwift.release.xcconfig */,
				6493D1669E87B159D9952D63 /* Pods-Movie-MVVM-RxSwift-Movie-MVVM-RxSwiftUITests.debug.xcconfig */,
				BD1C93371E267B0E7B650731 /* Pods-Movie-MVVM-RxSwift-Movie-MVVM-RxSwiftUITests.release.xcconfig */,
				AB7DE432706ED30A32059BFB /* Pods-Movie-MVVM-RxSwiftTests.debug.xcconfig */,
				6D1479D5995F691438B184EC /* Pods-Movie-MVVM-RxSwiftTests.release.xcconfig */,
			);
			name = Pods;
			path = Pods;
			sourceTree = "<group>";
		};
/* End PBXGroup section */

/* Begin PBXNativeTarget section */
		6B4514A32A9B8CCC0093A8F3 /* Movie-MVVM-RxSwift */ = {
			isa = PBXNativeTarget;
			buildConfigurationList = 6B4514D12A9B8CCD0093A8F3 /* Build configuration list for PBXNativeTarget "Movie-MVVM-RxSwift" */;
			buildPhases = (
				D3E7C956801742A6AB9E2037 /* [CP] Check Pods Manifest.lock */,
				6B4514A02A9B8CCC0093A8F3 /* Sources */,
				6B4514A12A9B8CCC0093A8F3 /* Frameworks */,
				6B4514A22A9B8CCC0093A8F3 /* Resources */,
				E0FFA151D8ADF91B2125389B /* [CP] Embed Pods Frameworks */,
			);
			buildRules = (
			);
			dependencies = (
			);
			name = "Movie-MVVM-RxSwift";
			productName = "Movie-MVVM-RxSwift";
			productReference = 6B4514A42A9B8CCC0093A8F3 /* Movie-MVVM-RxSwift.app */;
			productType = "com.apple.product-type.application";
		};
		6B4514BC2A9B8CCD0093A8F3 /* Movie-MVVM-RxSwiftTests */ = {
			isa = PBXNativeTarget;
			buildConfigurationList = 6B4514D42A9B8CCD0093A8F3 /* Build configuration list for PBXNativeTarget "Movie-MVVM-RxSwiftTests" */;
			buildPhases = (
				BDACD5593FA341337F685053 /* [CP] Check Pods Manifest.lock */,
				6B4514B92A9B8CCD0093A8F3 /* Sources */,
				6B4514BA2A9B8CCD0093A8F3 /* Frameworks */,
				6B4514BB2A9B8CCD0093A8F3 /* Resources */,
			);
			buildRules = (
			);
			dependencies = (
				6B4514BF2A9B8CCD0093A8F3 /* PBXTargetDependency */,
			);
			name = "Movie-MVVM-RxSwiftTests";
			productName = "Movie-MVVM-RxSwiftTests";
			productReference = 6B4514BD2A9B8CCD0093A8F3 /* Movie-MVVM-RxSwiftTests.xctest */;
			productType = "com.apple.product-type.bundle.unit-test";
		};
		6B4514C62A9B8CCD0093A8F3 /* Movie-MVVM-RxSwiftUITests */ = {
			isa = PBXNativeTarget;
			buildConfigurationList = 6B4514D72A9B8CCD0093A8F3 /* Build configuration list for PBXNativeTarget "Movie-MVVM-RxSwiftUITests" */;
			buildPhases = (
				A32F43FAA1B35095AA4F49F2 /* [CP] Check Pods Manifest.lock */,
				6B4514C32A9B8CCD0093A8F3 /* Sources */,
				6B4514C42A9B8CCD0093A8F3 /* Frameworks */,
				6B4514C52A9B8CCD0093A8F3 /* Resources */,
				90CA860511B44E0829F7AA73 /* [CP] Embed Pods Frameworks */,
			);
			buildRules = (
			);
			dependencies = (
				6B4514C92A9B8CCD0093A8F3 /* PBXTargetDependency */,
			);
			name = "Movie-MVVM-RxSwiftUITests";
			productName = "Movie-MVVM-RxSwiftUITests";
			productReference = 6B4514C72A9B8CCD0093A8F3 /* Movie-MVVM-RxSwiftUITests.xctest */;
			productType = "com.apple.product-type.bundle.ui-testing";
		};
/* End PBXNativeTarget section */

/* Begin PBXProject section */
		6B45149C2A9B8CCC0093A8F3 /* Project object */ = {
			isa = PBXProject;
			attributes = {
				BuildIndependentTargetsInParallel = 1;
				LastSwiftUpdateCheck = 1430;
				LastUpgradeCheck = 1430;
				TargetAttributes = {
					6B4514A32A9B8CCC0093A8F3 = {
						CreatedOnToolsVersion = 14.3;
					};
					6B4514BC2A9B8CCD0093A8F3 = {
						CreatedOnToolsVersion = 14.3;
						TestTargetID = 6B4514A32A9B8CCC0093A8F3;
					};
					6B4514C62A9B8CCD0093A8F3 = {
						CreatedOnToolsVersion = 14.3;
						TestTargetID = 6B4514A32A9B8CCC0093A8F3;
					};
				};
			};
			buildConfigurationList = 6B45149F2A9B8CCC0093A8F3 /* Build configuration list for PBXProject "Movie-MVVM-RxSwift" */;
			compatibilityVersion = "Xcode 14.0";
			developmentRegion = en;
			hasScannedForEncodings = 0;
			knownRegions = (
				en,
				Base,
			);
			mainGroup = 6B45149B2A9B8CCC0093A8F3;
			productRefGroup = 6B4514A52A9B8CCC0093A8F3 /* Products */;
			projectDirPath = "";
			projectRoot = "";
			targets = (
				6B4514A32A9B8CCC0093A8F3 /* Movie-MVVM-RxSwift */,
				6B4514BC2A9B8CCD0093A8F3 /* Movie-MVVM-RxSwiftTests */,
				6B4514C62A9B8CCD0093A8F3 /* Movie-MVVM-RxSwiftUITests */,
			);
		};
/* End PBXProject section */

/* Begin PBXResourcesBuildPhase section */
		6B4514A22A9B8CCC0093A8F3 /* Resources */ = {
			isa = PBXResourcesBuildPhase;
			buildActionMask = 2147483647;
			files = (
				6B4514B72A9B8CCD0093A8F3 /* LaunchScreen.storyboard in Resources */,
				6B4514B42A9B8CCD0093A8F3 /* Assets.xcassets in Resources */,
				6B4514AF2A9B8CCC0093A8F3 /* Main.storyboard in Resources */,
			);
			runOnlyForDeploymentPostprocessing = 0;
		};
		6B4514BB2A9B8CCD0093A8F3 /* Resources */ = {
			isa = PBXResourcesBuildPhase;
			buildActionMask = 2147483647;
			files = (
			);
			runOnlyForDeploymentPostprocessing = 0;
		};
		6B4514C52A9B8CCD0093A8F3 /* Resources */ = {
			isa = PBXResourcesBuildPhase;
			buildActionMask = 2147483647;
			files = (
			);
			runOnlyForDeploymentPostprocessing = 0;
		};
/* End PBXResourcesBuildPhase section */

/* Begin PBXShellScriptBuildPhase section */
		90CA860511B44E0829F7AA73 /* [CP] Embed Pods Frameworks */ = {
			isa = PBXShellScriptBuildPhase;
			buildActionMask = 2147483647;
			files = (
			);
			inputFileListPaths = (
				"${PODS_ROOT}/Target Support Files/Pods-Movie-MVVM-RxSwift-Movie-MVVM-RxSwiftUITests/Pods-Movie-MVVM-RxSwift-Movie-MVVM-RxSwiftUITests-frameworks-${CONFIGURATION}-input-files.xcfilelist",
			);
			name = "[CP] Embed Pods Frameworks";
			outputFileListPaths = (
				"${PODS_ROOT}/Target Support Files/Pods-Movie-MVVM-RxSwift-Movie-MVVM-RxSwiftUITests/Pods-Movie-MVVM-RxSwift-Movie-MVVM-RxSwiftUITests-frameworks-${CONFIGURATION}-output-files.xcfilelist",
			);
			runOnlyForDeploymentPostprocessing = 0;
			shellPath = /bin/sh;
			shellScript = "\"${PODS_ROOT}/Target Support Files/Pods-Movie-MVVM-RxSwift-Movie-MVVM-RxSwiftUITests/Pods-Movie-MVVM-RxSwift-Movie-MVVM-RxSwiftUITests-frameworks.sh\"\n";
			showEnvVarsInLog = 0;
		};
		A32F43FAA1B35095AA4F49F2 /* [CP] Check Pods Manifest.lock */ = {
			isa = PBXShellScriptBuildPhase;
			buildActionMask = 2147483647;
			files = (
			);
			inputFileListPaths = (
			);
			inputPaths = (
				"${PODS_PODFILE_DIR_PATH}/Podfile.lock",
				"${PODS_ROOT}/Manifest.lock",
			);
			name = "[CP] Check Pods Manifest.lock";
			outputFileListPaths = (
			);
			outputPaths = (
				"$(DERIVED_FILE_DIR)/Pods-Movie-MVVM-RxSwift-Movie-MVVM-RxSwiftUITests-checkManifestLockResult.txt",
			);
			runOnlyForDeploymentPostprocessing = 0;
			shellPath = /bin/sh;
			shellScript = "diff \"${PODS_PODFILE_DIR_PATH}/Podfile.lock\" \"${PODS_ROOT}/Manifest.lock\" > /dev/null\nif [ $? != 0 ] ; then\n    # print error to STDERR\n    echo \"error: The sandbox is not in sync with the Podfile.lock. Run 'pod install' or update your CocoaPods installation.\" >&2\n    exit 1\nfi\n# This output is used by Xcode 'outputs' to avoid re-running this script phase.\necho \"SUCCESS\" > \"${SCRIPT_OUTPUT_FILE_0}\"\n";
			showEnvVarsInLog = 0;
		};
		BDACD5593FA341337F685053 /* [CP] Check Pods Manifest.lock */ = {
			isa = PBXShellScriptBuildPhase;
			buildActionMask = 2147483647;
			files = (
			);
			inputFileListPaths = (
			);
			inputPaths = (
				"${PODS_PODFILE_DIR_PATH}/Podfile.lock",
				"${PODS_ROOT}/Manifest.lock",
			);
			name = "[CP] Check Pods Manifest.lock";
			outputFileListPaths = (
			);
			outputPaths = (
				"$(DERIVED_FILE_DIR)/Pods-Movie-MVVM-RxSwiftTests-checkManifestLockResult.txt",
			);
			runOnlyForDeploymentPostprocessing = 0;
			shellPath = /bin/sh;
			shellScript = "diff \"${PODS_PODFILE_DIR_PATH}/Podfile.lock\" \"${PODS_ROOT}/Manifest.lock\" > /dev/null\nif [ $? != 0 ] ; then\n    # print error to STDERR\n    echo \"error: The sandbox is not in sync with the Podfile.lock. Run 'pod install' or update your CocoaPods installation.\" >&2\n    exit 1\nfi\n# This output is used by Xcode 'outputs' to avoid re-running this script phase.\necho \"SUCCESS\" > \"${SCRIPT_OUTPUT_FILE_0}\"\n";
			showEnvVarsInLog = 0;
		};
		D3E7C956801742A6AB9E2037 /* [CP] Check Pods Manifest.lock */ = {
			isa = PBXShellScriptBuildPhase;
			buildActionMask = 2147483647;
			files = (
			);
			inputFileListPaths = (
			);
			inputPaths = (
				"${PODS_PODFILE_DIR_PATH}/Podfile.lock",
				"${PODS_ROOT}/Manifest.lock",
			);
			name = "[CP] Check Pods Manifest.lock";
			outputFileListPaths = (
			);
			outputPaths = (
				"$(DERIVED_FILE_DIR)/Pods-Movie-MVVM-RxSwift-checkManifestLockResult.txt",
			);
			runOnlyForDeploymentPostprocessing = 0;
			shellPath = /bin/sh;
			shellScript = "diff \"${PODS_PODFILE_DIR_PATH}/Podfile.lock\" \"${PODS_ROOT}/Manifest.lock\" > /dev/null\nif [ $? != 0 ] ; then\n    # print error to STDERR\n    echo \"error: The sandbox is not in sync with the Podfile.lock. Run 'pod install' or update your CocoaPods installation.\" >&2\n    exit 1\nfi\n# This output is used by Xcode 'outputs' to avoid re-running this script phase.\necho \"SUCCESS\" > \"${SCRIPT_OUTPUT_FILE_0}\"\n";
			showEnvVarsInLog = 0;
		};
		E0FFA151D8ADF91B2125389B /* [CP] Embed Pods Frameworks */ = {
			isa = PBXShellScriptBuildPhase;
			buildActionMask = 2147483647;
			files = (
			);
			inputFileListPaths = (
				"${PODS_ROOT}/Target Support Files/Pods-Movie-MVVM-RxSwift/Pods-Movie-MVVM-RxSwift-frameworks-${CONFIGURATION}-input-files.xcfilelist",
			);
			name = "[CP] Embed Pods Frameworks";
			outputFileListPaths = (
				"${PODS_ROOT}/Target Support Files/Pods-Movie-MVVM-RxSwift/Pods-Movie-MVVM-RxSwift-frameworks-${CONFIGURATION}-output-files.xcfilelist",
			);
			runOnlyForDeploymentPostprocessing = 0;
			shellPath = /bin/sh;
			shellScript = "\"${PODS_ROOT}/Target Support Files/Pods-Movie-MVVM-RxSwift/Pods-Movie-MVVM-RxSwift-frameworks.sh\"\n";
			showEnvVarsInLog = 0;
		};
/* End PBXShellScriptBuildPhase section */

/* Begin PBXSourcesBuildPhase section */
		6B4514A02A9B8CCC0093A8F3 /* Sources */ = {
			isa = PBXSourcesBuildPhase;
			buildActionMask = 2147483647;
			files = (
				6B4514AC2A9B8CCC0093A8F3 /* ViewController.swift in Sources */,
				6B4514A82A9B8CCC0093A8F3 /* AppDelegate.swift in Sources */,
				6B4514B22A9B8CCC0093A8F3 /* Movie_MVVM_RxSwift.xcdatamodeld in Sources */,
				6B4514AA2A9B8CCC0093A8F3 /* SceneDelegate.swift in Sources */,
			);
			runOnlyForDeploymentPostprocessing = 0;
		};
		6B4514B92A9B8CCD0093A8F3 /* Sources */ = {
			isa = PBXSourcesBuildPhase;
			buildActionMask = 2147483647;
			files = (
				6B4514C22A9B8CCD0093A8F3 /* Movie_MVVM_RxSwiftTests.swift in Sources */,
			);
			runOnlyForDeploymentPostprocessing = 0;
		};
		6B4514C32A9B8CCD0093A8F3 /* Sources */ = {
			isa = PBXSourcesBuildPhase;
			buildActionMask = 2147483647;
			files = (
				6B4514CC2A9B8CCD0093A8F3 /* Movie_MVVM_RxSwiftUITests.swift in Sources */,
				6B4514CE2A9B8CCD0093A8F3 /* Movie_MVVM_RxSwiftUITestsLaunchTests.swift in Sources */,
			);
			runOnlyForDeploymentPostprocessing = 0;
		};
/* End PBXSourcesBuildPhase section */

/* Begin PBXTargetDependency section */
		6B4514BF2A9B8CCD0093A8F3 /* PBXTargetDependency */ = {
			isa = PBXTargetDependency;
			target = 6B4514A32A9B8CCC0093A8F3 /* Movie-MVVM-RxSwift */;
			targetProxy = 6B4514BE2A9B8CCD0093A8F3 /* PBXContainerItemProxy */;
		};
		6B4514C92A9B8CCD0093A8F3 /* PBXTargetDependency */ = {
			isa = PBXTargetDependency;
			target = 6B4514A32A9B8CCC0093A8F3 /* Movie-MVVM-RxSwift */;
			targetProxy = 6B4514C82A9B8CCD0093A8F3 /* PBXContainerItemProxy */;
		};
/* End PBXTargetDependency section */

/* Begin PBXVariantGroup section */
		6B4514AD2A9B8CCC0093A8F3 /* Main.storyboard */ = {
			isa = PBXVariantGroup;
			children = (
				6B4514AE2A9B8CCC0093A8F3 /* Base */,
			);
			name = Main.storyboard;
			sourceTree = "<group>";
		};
		6B4514B52A9B8CCD0093A8F3 /* LaunchScreen.storyboard */ = {
			isa = PBXVariantGroup;
			children = (
				6B4514B62A9B8CCD0093A8F3 /* Base */,
			);
			name = LaunchScreen.storyboard;
			sourceTree = "<group>";
		};
/* End PBXVariantGroup section */

/* Begin XCBuildConfiguration section */
		6B4514CF2A9B8CCD0093A8F3 /* Debug */ = {
			isa = XCBuildConfiguration;
			buildSettings = {
				ALWAYS_SEARCH_USER_PATHS = NO;
				CLANG_ANALYZER_NONNULL = YES;
				CLANG_ANALYZER_NUMBER_OBJECT_CONVERSION = YES_AGGRESSIVE;
				CLANG_CXX_LANGUAGE_STANDARD = "gnu++20";
				CLANG_ENABLE_MODULES = YES;
				CLANG_ENABLE_OBJC_ARC = YES;
				CLANG_ENABLE_OBJC_WEAK = YES;
				CLANG_WARN_BLOCK_CAPTURE_AUTORELEASING = YES;
				CLANG_WARN_BOOL_CONVERSION = YES;
				CLANG_WARN_COMMA = YES;
				CLANG_WARN_CONSTANT_CONVERSION = YES;
				CLANG_WARN_DEPRECATED_OBJC_IMPLEMENTATIONS = YES;
				CLANG_WARN_DIRECT_OBJC_ISA_USAGE = YES_ERROR;
				CLANG_WARN_DOCUMENTATION_COMMENTS = YES;
				CLANG_WARN_EMPTY_BODY = YES;
				CLANG_WARN_ENUM_CONVERSION = YES;
				CLANG_WARN_INFINITE_RECURSION = YES;
				CLANG_WARN_INT_CONVERSION = YES;
				CLANG_WARN_NON_LITERAL_NULL_CONVERSION = YES;
				CLANG_WARN_OBJC_IMPLICIT_RETAIN_SELF = YES;
				CLANG_WARN_OBJC_LITERAL_CONVERSION = YES;
				CLANG_WARN_OBJC_ROOT_CLASS = YES_ERROR;
				CLANG_WARN_QUOTED_INCLUDE_IN_FRAMEWORK_HEADER = YES;
				CLANG_WARN_RANGE_LOOP_ANALYSIS = YES;
				CLANG_WARN_STRICT_PROTOTYPES = YES;
				CLANG_WARN_SUSPICIOUS_MOVE = YES;
				CLANG_WARN_UNGUARDED_AVAILABILITY = YES_AGGRESSIVE;
				CLANG_WARN_UNREACHABLE_CODE = YES;
				CLANG_WARN__DUPLICATE_METHOD_MATCH = YES;
				COPY_PHASE_STRIP = NO;
				DEBUG_INFORMATION_FORMAT = dwarf;
				ENABLE_STRICT_OBJC_MSGSEND = YES;
				ENABLE_TESTABILITY = YES;
				GCC_C_LANGUAGE_STANDARD = gnu11;
				GCC_DYNAMIC_NO_PIC = NO;
				GCC_NO_COMMON_BLOCKS = YES;
				GCC_OPTIMIZATION_LEVEL = 0;
				GCC_PREPROCESSOR_DEFINITIONS = (
					"DEBUG=1",
					"$(inherited)",
				);
				GCC_WARN_64_TO_32_BIT_CONVERSION = YES;
				GCC_WARN_ABOUT_RETURN_TYPE = YES_ERROR;
				GCC_WARN_UNDECLARED_SELECTOR = YES;
				GCC_WARN_UNINITIALIZED_AUTOS = YES_AGGRESSIVE;
				GCC_WARN_UNUSED_FUNCTION = YES;
				GCC_WARN_UNUSED_VARIABLE = YES;
				IPHONEOS_DEPLOYMENT_TARGET = 16.4;
				MTL_ENABLE_DEBUG_INFO = INCLUDE_SOURCE;
				MTL_FAST_MATH = YES;
				ONLY_ACTIVE_ARCH = YES;
				SDKROOT = iphoneos;
				SWIFT_ACTIVE_COMPILATION_CONDITIONS = DEBUG;
				SWIFT_OPTIMIZATION_LEVEL = "-Onone";
			};
			name = Debug;
		};
		6B4514D02A9B8CCD0093A8F3 /* Release */ = {
			isa = XCBuildConfiguration;
			buildSettings = {
				ALWAYS_SEARCH_USER_PATHS = NO;
				CLANG_ANALYZER_NONNULL = YES;
				CLANG_ANALYZER_NUMBER_OBJECT_CONVERSION = YES_AGGRESSIVE;
				CLANG_CXX_LANGUAGE_STANDARD = "gnu++20";
				CLANG_ENABLE_MODULES = YES;
				CLANG_ENABLE_OBJC_ARC = YES;
				CLANG_ENABLE_OBJC_WEAK = YES;
				CLANG_WARN_BLOCK_CAPTURE_AUTORELEASING = YES;
				CLANG_WARN_BOOL_CONVERSION = YES;
				CLANG_WARN_COMMA = YES;
				CLANG_WARN_CONSTANT_CONVERSION = YES;
				CLANG_WARN_DEPRECATED_OBJC_IMPLEMENTATIONS = YES;
				CLANG_WARN_DIRECT_OBJC_ISA_USAGE = YES_ERROR;
				CLANG_WARN_DOCUMENTATION_COMMENTS = YES;
				CLANG_WARN_EMPTY_BODY = YES;
				CLANG_WARN_ENUM_CONVERSION = YES;
				CLANG_WARN_INFINITE_RECURSION = YES;
				CLANG_WARN_INT_CONVERSION = YES;
				CLANG_WARN_NON_LITERAL_NULL_CONVERSION = YES;
				CLANG_WARN_OBJC_IMPLICIT_RETAIN_SELF = YES;
				CLANG_WARN_OBJC_LITERAL_CONVERSION = YES;
				CLANG_WARN_OBJC_ROOT_CLASS = YES_ERROR;
				CLANG_WARN_QUOTED_INCLUDE_IN_FRAMEWORK_HEADER = YES;
				CLANG_WARN_RANGE_LOOP_ANALYSIS = YES;
				CLANG_WARN_STRICT_PROTOTYPES = YES;
				CLANG_WARN_SUSPICIOUS_MOVE = YES;
				CLANG_WARN_UNGUARDED_AVAILABILITY = YES_AGGRESSIVE;
				CLANG_WARN_UNREACHABLE_CODE = YES;
				CLANG_WARN__DUPLICATE_METHOD_MATCH = YES;
				COPY_PHASE_STRIP = NO;
				DEBUG_INFORMATION_FORMAT = "dwarf-with-dsym";
				ENABLE_NS_ASSERTIONS = NO;
				ENABLE_STRICT_OBJC_MSGSEND = YES;
				GCC_C_LANGUAGE_STANDARD = gnu11;
				GCC_NO_COMMON_BLOCKS = YES;
				GCC_WARN_64_TO_32_BIT_CONVERSION = YES;
				GCC_WARN_ABOUT_RETURN_TYPE = YES_ERROR;
				GCC_WARN_UNDECLARED_SELECTOR = YES;
				GCC_WARN_UNINITIALIZED_AUTOS = YES_AGGRESSIVE;
				GCC_WARN_UNUSED_FUNCTION = YES;
				GCC_WARN_UNUSED_VARIABLE = YES;
				IPHONEOS_DEPLOYMENT_TARGET = 16.4;
				MTL_ENABLE_DEBUG_INFO = NO;
				MTL_FAST_MATH = YES;
				SDKROOT = iphoneos;
				SWIFT_COMPILATION_MODE = wholemodule;
				SWIFT_OPTIMIZATION_LEVEL = "-O";
				VALIDATE_PRODUCT = YES;
			};
			name = Release;
		};
		6B4514D22A9B8CCD0093A8F3 /* Debug */ = {
			isa = XCBuildConfiguration;
			baseConfigurationReference = 7061F90894EE2A6F68B2E7A1 /* Pods-Movie-MVVM-RxSwift.debug.xcconfig */;
			buildSettings = {
				ASSETCATALOG_COMPILER_APPICON_NAME = AppIcon;
				ASSETCATALOG_COMPILER_GLOBAL_ACCENT_COLOR_NAME = AccentColor;
				CODE_SIGN_STYLE = Automatic;
				CURRENT_PROJECT_VERSION = 1;
				DEVELOPMENT_TEAM = 2B2355P26S;
				GENERATE_INFOPLIST_FILE = YES;
				INFOPLIST_FILE = "Movie-MVVM-RxSwift/Resources/Info.plist";
				INFOPLIST_KEY_CFBundleDisplayName = "Movie Tailer";
				INFOPLIST_KEY_UIApplicationSupportsIndirectInputEvents = YES;
				INFOPLIST_KEY_UILaunchStoryboardName = LaunchScreen;
				INFOPLIST_KEY_UIMainStoryboardFile = Main;
				INFOPLIST_KEY_UISupportedInterfaceOrientations = UIInterfaceOrientationPortrait;
				IPHONEOS_DEPLOYMENT_TARGET = 13.0;
				LD_RUNPATH_SEARCH_PATHS = (
					"$(inherited)",
					"@executable_path/Frameworks",
				);
				MARKETING_VERSION = 1.0.0;
				PRODUCT_BUNDLE_IDENTIFIER = "com.ilkaysever.Movie-MVVM-RxSwift";
				PRODUCT_NAME = "$(TARGET_NAME)";
				SWIFT_EMIT_LOC_STRINGS = YES;
				SWIFT_VERSION = 5.0;
				TARGETED_DEVICE_FAMILY = "1,2";
			};
			name = Debug;
		};
		6B4514D32A9B8CCD0093A8F3 /* Release */ = {
			isa = XCBuildConfiguration;
			baseConfigurationReference = ACA3A4E22224D2A04D7A959A /* Pods-Movie-MVVM-RxSwift.release.xcconfig */;
			buildSettings = {
				ASSETCATALOG_COMPILER_APPICON_NAME = AppIcon;
				ASSETCATALOG_COMPILER_GLOBAL_ACCENT_COLOR_NAME = AccentColor;
				CODE_SIGN_STYLE = Automatic;
				CURRENT_PROJECT_VERSION = 1;
				DEVELOPMENT_TEAM = 2B2355P26S;
				GENERATE_INFOPLIST_FILE = YES;
				INFOPLIST_FILE = "Movie-MVVM-RxSwift/Resources/Info.plist";
				INFOPLIST_KEY_CFBundleDisplayName = "Movie Tailer";
				INFOPLIST_KEY_UIApplicationSupportsIndirectInputEvents = YES;
				INFOPLIST_KEY_UILaunchStoryboardName = LaunchScreen;
				INFOPLIST_KEY_UIMainStoryboardFile = Main;
				INFOPLIST_KEY_UISupportedInterfaceOrientations = UIInterfaceOrientationPortrait;
				IPHONEOS_DEPLOYMENT_TARGET = 13.0;
				LD_RUNPATH_SEARCH_PATHS = (
					"$(inherited)",
					"@executable_path/Frameworks",
				);
				MARKETING_VERSION = 1.0.0;
				PRODUCT_BUNDLE_IDENTIFIER = "com.ilkaysever.Movie-MVVM-RxSwift";
				PRODUCT_NAME = "$(TARGET_NAME)";
				SWIFT_EMIT_LOC_STRINGS = YES;
				SWIFT_VERSION = 5.0;
				TARGETED_DEVICE_FAMILY = "1,2";
			};
			name = Release;
		};
		6B4514D52A9B8CCD0093A8F3 /* Debug */ = {
			isa = XCBuildConfiguration;
			baseConfigurationReference = AB7DE432706ED30A32059BFB /* Pods-Movie-MVVM-RxSwiftTests.debug.xcconfig */;
			buildSettings = {
				ALWAYS_EMBED_SWIFT_STANDARD_LIBRARIES = YES;
				BUNDLE_LOADER = "$(TEST_HOST)";
				CODE_SIGN_STYLE = Automatic;
				CURRENT_PROJECT_VERSION = 1;
				DEVELOPMENT_TEAM = 2B2355P26S;
				GENERATE_INFOPLIST_FILE = YES;
				IPHONEOS_DEPLOYMENT_TARGET = 16.4;
				MARKETING_VERSION = 1.0;
				PRODUCT_BUNDLE_IDENTIFIER = "com.ilkaysever.Movie-MVVM-RxSwiftTests";
				PRODUCT_NAME = "$(TARGET_NAME)";
				SWIFT_EMIT_LOC_STRINGS = NO;
				SWIFT_VERSION = 5.0;
				TARGETED_DEVICE_FAMILY = "1,2";
				TEST_HOST = "$(BUILT_PRODUCTS_DIR)/Movie-MVVM-RxSwift.app/$(BUNDLE_EXECUTABLE_FOLDER_PATH)/Movie-MVVM-RxSwift";
			};
			name = Debug;
		};
		6B4514D62A9B8CCD0093A8F3 /* Release */ = {
			isa = XCBuildConfiguration;
			baseConfigurationReference = 6D1479D5995F691438B184EC /* Pods-Movie-MVVM-RxSwiftTests.release.xcconfig */;
			buildSettings = {
				ALWAYS_EMBED_SWIFT_STANDARD_LIBRARIES = YES;
				BUNDLE_LOADER = "$(TEST_HOST)";
				CODE_SIGN_STYLE = Automatic;
				CURRENT_PROJECT_VERSION = 1;
				DEVELOPMENT_TEAM = 2B2355P26S;
				GENERATE_INFOPLIST_FILE = YES;
				IPHONEOS_DEPLOYMENT_TARGET = 16.4;
				MARKETING_VERSION = 1.0;
				PRODUCT_BUNDLE_IDENTIFIER = "com.ilkaysever.Movie-MVVM-RxSwiftTests";
				PRODUCT_NAME = "$(TARGET_NAME)";
				SWIFT_EMIT_LOC_STRINGS = NO;
				SWIFT_VERSION = 5.0;
				TARGETED_DEVICE_FAMILY = "1,2";
				TEST_HOST = "$(BUILT_PRODUCTS_DIR)/Movie-MVVM-RxSwift.app/$(BUNDLE_EXECUTABLE_FOLDER_PATH)/Movie-MVVM-RxSwift";
			};
			name = Release;
		};
		6B4514D82A9B8CCD0093A8F3 /* Debug */ = {
			isa = XCBuildConfiguration;
			baseConfigurationReference = 6493D1669E87B159D9952D63 /* Pods-Movie-MVVM-RxSwift-Movie-MVVM-RxSwiftUITests.debug.xcconfig */;
			buildSettings = {
				ALWAYS_EMBED_SWIFT_STANDARD_LIBRARIES = YES;
				CODE_SIGN_STYLE = Automatic;
				CURRENT_PROJECT_VERSION = 1;
				DEVELOPMENT_TEAM = 2B2355P26S;
				GENERATE_INFOPLIST_FILE = YES;
				MARKETING_VERSION = 1.0;
				PRODUCT_BUNDLE_IDENTIFIER = "com.ilkaysever.Movie-MVVM-RxSwiftUITests";
				PRODUCT_NAME = "$(TARGET_NAME)";
				SWIFT_EMIT_LOC_STRINGS = NO;
				SWIFT_VERSION = 5.0;
				TARGETED_DEVICE_FAMILY = "1,2";
				TEST_TARGET_NAME = "Movie-MVVM-RxSwift";
			};
			name = Debug;
		};
		6B4514D92A9B8CCD0093A8F3 /* Release */ = {
			isa = XCBuildConfiguration;
			baseConfigurationReference = BD1C93371E267B0E7B650731 /* Pods-Movie-MVVM-RxSwift-Movie-MVVM-RxSwiftUITests.release.xcconfig */;
			buildSettings = {
				ALWAYS_EMBED_SWIFT_STANDARD_LIBRARIES = YES;
				CODE_SIGN_STYLE = Automatic;
				CURRENT_PROJECT_VERSION = 1;
				DEVELOPMENT_TEAM = 2B2355P26S;
				GENERATE_INFOPLIST_FILE = YES;
				MARKETING_VERSION = 1.0;
				PRODUCT_BUNDLE_IDENTIFIER = "com.ilkaysever.Movie-MVVM-RxSwiftUITests";
				PRODUCT_NAME = "$(TARGET_NAME)";
				SWIFT_EMIT_LOC_STRINGS = NO;
				SWIFT_VERSION = 5.0;
				TARGETED_DEVICE_FAMILY = "1,2";
				TEST_TARGET_NAME = "Movie-MVVM-RxSwift";
			};
			name = Release;
		};
/* End XCBuildConfiguration section */

/* Begin XCConfigurationList section */
		6B45149F2A9B8CCC0093A8F3 /* Build configuration list for PBXProject "Movie-MVVM-RxSwift" */ = {
			isa = XCConfigurationList;
			buildConfigurations = (
				6B4514CF2A9B8CCD0093A8F3 /* Debug */,
				6B4514D02A9B8CCD0093A8F3 /* Release */,
			);
			defaultConfigurationIsVisible = 0;
			defaultConfigurationName = Release;
		};
		6B4514D12A9B8CCD0093A8F3 /* Build configuration list for PBXNativeTarget "Movie-MVVM-RxSwift" */ = {
			isa = XCConfigurationList;
			buildConfigurations = (
				6B4514D22A9B8CCD0093A8F3 /* Debug */,
				6B4514D32A9B8CCD0093A8F3 /* Release */,
			);
			defaultConfigurationIsVisible = 0;
			defaultConfigurationName = Release;
		};
		6B4514D42A9B8CCD0093A8F3 /* Build configuration list for PBXNativeTarget "Movie-MVVM-RxSwiftTests" */ = {
			isa = XCConfigurationList;
			buildConfigurations = (
				6B4514D52A9B8CCD0093A8F3 /* Debug */,
				6B4514D62A9B8CCD0093A8F3 /* Release */,
			);
			defaultConfigurationIsVisible = 0;
			defaultConfigurationName = Release;
		};
		6B4514D72A9B8CCD0093A8F3 /* Build configuration list for PBXNativeTarget "Movie-MVVM-RxSwiftUITests" */ = {
			isa = XCConfigurationList;
			buildConfigurations = (
				6B4514D82A9B8CCD0093A8F3 /* Debug */,
				6B4514D92A9B8CCD0093A8F3 /* Release */,
			);
			defaultConfigurationIsVisible = 0;
			defaultConfigurationName = Release;
		};
/* End XCConfigurationList section */

/* Begin XCVersionGroup section */
		6B4514B02A9B8CCC0093A8F3 /* Movie_MVVM_RxSwift.xcdatamodeld */ = {
			isa = XCVersionGroup;
			children = (
				6B4514B12A9B8CCC0093A8F3 /* Movie_MVVM_RxSwift.xcdatamodel */,
			);
			currentVersion = 6B4514B12A9B8CCC0093A8F3 /* Movie_MVVM_RxSwift.xcdatamodel */;
			path = Movie_MVVM_RxSwift.xcdatamodeld;
			sourceTree = "<group>";
			versionGroupType = wrapper.xcdatamodel;
		};
/* End XCVersionGroup section */
	};
	rootObject = 6B45149C2A9B8CCC0093A8F3 /* Project object */;
}
